
Microsoft Visual Studio Solution File, Format Version 12.00
# Visual Studio 15
VisualStudioVersion = 15.0.28307.421
MinimumVisualStudioVersion = 10.0.40219.1
Project("{FAE04EC0-301F-11D3-BF4B-00C04F79EFBC}") = "Shipwreck.HlsDownloader", "Shipwreck.HlsDownloader\Shipwreck.HlsDownloader.csproj", "{39014EFA-80A4-4579-B8CA-A0ACE4E957FB}"
EndProject
Project("{2150E333-8FDC-42A3-9474-1A3956D46DE8}") = "Solution Items", "Solution Items", "{6E0D601C-1522-4B7B-91EC-443E25E642D4}"
	ProjectSection(SolutionItems) = preProject
		..\README.md = ..\README.md
	EndProjectSection
EndProject
Global
	GlobalSection(SolutionConfigurationPlatforms) = preSolution
		Debug|x86 = Debug|x86
		Release|x86 = Release|x86
	EndGlobalSection
	GlobalSection(ProjectConfigurationPlatforms) = postSolution
		{39014EFA-80A4-4579-B8CA-A0ACE4E957FB}.Debug|x86.ActiveCfg = Debug|x86
		{39014EFA-80A4-4579-B8CA-A0ACE4E957FB}.Debug|x86.Build.0 = Debug|x86
		{39014EFA-80A4-4579-B8CA-A0ACE4E957FB}.Release|x86.ActiveCfg = Release|x86
		{39014EFA-80A4-4579-B8CA-A0ACE4E957FB}.Release|x86.Build.0 = Release|x86
	EndGlobalSection
	GlobalSection(SolutionProperties) = preSolution
		HideSolutionNode = FALSE
	EndGlobalSection
	GlobalSection(ExtensibilityGlobals) = postSolution
		SolutionGuid = {C0A8EC70-696D-4097-AD27-B97B1953D146}
	EndGlobalSection
EndGlobal
